{
    "_meta": {
        "hash": {
            "sha256": "e30c6c5e8df6b8e3ed009109ad09e60d654ebf191b9d8c8b5f62989618cd4b6e"
        },
        "pipfile-spec": 6,
        "requires": {
            "python_version": "3.8"
        },
        "sources": [
            {
                "name": "pypi",
                "url": "https://pypi.org/simple",
                "verify_ssl": true
            }
        ]
    },
    "default": {
        "decorator": {
            "hashes": [
                "sha256:41fa54c2a0cc4ba648be4fd43cff00aedf5b9465c9bf18d64325bc225f08f760",
                "sha256:e3a62f0520172440ca0dcc823749319382e377f37f140a0b99ef45fecb84bfe7"
            ],
            "version": "==4.4.2"
        },
        "haversine": {
            "hashes": [
                "sha256:72c76855ac25e6ad054c7ed380e95c1a96803185f005dd11f40ccaa9620b551f",
                "sha256:a0f2ea3cb419def98a8eb7a3fd0f0b3d97d679c160bae0699809410f33adfcb9"
            ],
            "index": "pypi",
            "version": "==2.3.0"
        },
        "networkx": {
            "hashes": [
                "sha256:7978955423fbc9639c10498878be59caf99b44dc304c2286162fd24b458c1602",
                "sha256:8c5812e9f798d37c50570d15c4a69d5710a18d77bafc903ee9c5fba7454c616c"
            ],
            "index": "pypi",
            "version": "==2.5"
        }
    },
    "develop": {}
}
